schema: '2.0'
stages:
  ingestion@BBCA.JK:
    cmd: python -m src.ingestion --ticker BBCA.JK --range-days 1825 --end-date 
      auto
    deps:
    - path: src/config.py
      hash: md5
      md5: 361f879910bb74eb0e9f7a1644475e1c
      size: 1641
    - path: src/ingestion.py
      hash: md5
      md5: 62a6ff0ce2e77ecde8c7d398cde4372e
      size: 2947
    params:
      params.yaml:
        END_DATE: auto
        RANGE_DAYS: 1825
    outs:
    - path: artifact/data/BBCA.JK.csv
      hash: md5
      md5: b5e4c916c47442f790033ec07ef748ac
      size: 133319
  ingestion@BBRI.JK:
    cmd: python -m src.ingestion --ticker BBRI.JK --range-days 1825 --end-date 
      auto
    deps:
    - path: src/config.py
      hash: md5
      md5: 361f879910bb74eb0e9f7a1644475e1c
      size: 1641
    - path: src/ingestion.py
      hash: md5
      md5: 62a6ff0ce2e77ecde8c7d398cde4372e
      size: 2947
    params:
      params.yaml:
        END_DATE: auto
        RANGE_DAYS: 1825
    outs:
    - path: artifact/data/BBRI.JK.csv
      hash: md5
      md5: b6d7a5a46233c3c69bce47f5ed0d06df
      size: 133788
  ml_pipeline@BBCA.JK:
    cmd: papermill src/ml_pipeline.ipynb 
      artifact/notebook/ml_pipeline_BBCA.JK.ipynb -f params.yaml -p TICKER 
      BBCA.JK --report-mode --log-output --progress-bar
    deps:
    - path: artifact/data/BBCA.JK.csv
      hash: md5
      md5: b5e4c916c47442f790033ec07ef748ac
      size: 133319
    - path: src/config.py
      hash: md5
      md5: 361f879910bb74eb0e9f7a1644475e1c
      size: 1641
    - path: src/ml_pipeline.ipynb
      hash: md5
      md5: bffb2ab744f4ac825d92a65635ed210d
      size: 31127
    params:
      params.yaml:
        BATCH_SIZES:
        - 8
        - 16
        - 32
        EPOCHS: 50
        LEARNING_RATES:
        - 0.01
        - 0.001
        - 0.0001
        OPTIMIZERS:
        - SGD
        - Adam
        - RMSprop
        RANDOM_STATE: 42
        TARGET_COL: close
        TIME_STEPS:
        - 10
        - 20
        - 30
        TRAIN_SIZE: 0.9
    outs:
    - path: artifact/model/BBCA.JK_GRU.keras
      hash: md5
      md5: c99211aac096a82e1e128ffe72f4855c
      size: 120293
    - path: artifact/model/BBCA.JK_LSTM.keras
      hash: md5
      md5: f89cb51c3c09c99edcc8e12b4d92279c
      size: 106043
    - path: artifact/model/BBCA.JK_hyperparameter.csv
      hash: md5
      md5: 3c9e7dd820c1f1c24e0f40bf573591ce
      size: 13124
    - path: artifact/model/BBCA.JK_scaler.pkl
      hash: md5
      md5: ff023b65cd450cbd0ce903766d113b42
      size: 522
    - path: artifact/notebook/ml_pipeline_BBCA.JK.ipynb
      hash: md5
      md5: f2ce8d1a096194de98196788047b2f1b
      size: 399910
  ml_pipeline@BBRI.JK:
    cmd: papermill src/ml_pipeline.ipynb 
      artifact/notebook/ml_pipeline_BBRI.JK.ipynb -f params.yaml -p TICKER 
      BBRI.JK --report-mode --log-output --progress-bar
    deps:
    - path: artifact/data/BBRI.JK.csv
      hash: md5
      md5: b6d7a5a46233c3c69bce47f5ed0d06df
      size: 133788
    - path: src/config.py
      hash: md5
      md5: 361f879910bb74eb0e9f7a1644475e1c
      size: 1641
    - path: src/ml_pipeline.ipynb
      hash: md5
      md5: bffb2ab744f4ac825d92a65635ed210d
      size: 31127
    params:
      params.yaml:
        BATCH_SIZES:
        - 8
        - 16
        - 32
        EPOCHS: 50
        LEARNING_RATES:
        - 0.01
        - 0.001
        - 0.0001
        OPTIMIZERS:
        - SGD
        - Adam
        - RMSprop
        RANDOM_STATE: 42
        TARGET_COL: close
        TIME_STEPS:
        - 10
        - 20
        - 30
        TRAIN_SIZE: 0.9
    outs:
    - path: artifact/model/BBRI.JK_GRU.keras
      hash: md5
      md5: ad23b3bf7b9e7b04e14443a3a83a610c
      size: 86436
    - path: artifact/model/BBRI.JK_LSTM.keras
      hash: md5
      md5: ef99f8dc488d61256d47f709455980fe
      size: 149700
    - path: artifact/model/BBRI.JK_hyperparameter.csv
      hash: md5
      md5: 289323a134e172a70dd8cc911bebad40
      size: 12985
    - path: artifact/model/BBRI.JK_scaler.pkl
      hash: md5
      md5: 573105d1564e6278c31ced55d133e8f3
      size: 522
    - path: artifact/notebook/ml_pipeline_BBRI.JK.ipynb
      hash: md5
      md5: b47a5739bde43ca9aeaaaf919f26d19d
      size: 411418
  store@BBCA.JK:
    cmd: python -m src.store --ticker BBCA.JK
    deps:
    - path: artifact/model/BBCA.JK_GRU.keras
      hash: md5
      md5: c99211aac096a82e1e128ffe72f4855c
      size: 120293
    - path: artifact/model/BBCA.JK_LSTM.keras
      hash: md5
      md5: f89cb51c3c09c99edcc8e12b4d92279c
      size: 106043
    - path: artifact/model/BBCA.JK_scaler.pkl
      hash: md5
      md5: ff023b65cd450cbd0ce903766d113b42
      size: 522
    - path: src/config.py
      hash: md5
      md5: 361f879910bb74eb0e9f7a1644475e1c
      size: 1641
    - path: src/store.py
      hash: md5
      md5: fe0eb1d3b43572e335a98ac49f394269
      size: 2660
    outs:
    - path: web/backend/assets/BBCA.JK_GRU.keras
      hash: md5
      md5: 5f8f4a9ec639ca724c58ff1f0f98f69d
      size: 120200
    - path: web/backend/assets/BBCA.JK_LSTM.keras
      hash: md5
      md5: 3239ba346d384e484f78a07035ae2aec
      size: 105944
    - path: web/backend/assets/BBCA.JK_scaler.pkl
      hash: md5
      md5: ff023b65cd450cbd0ce903766d113b42
      size: 522
  store@BBRI.JK:
    cmd: python -m src.store --ticker BBRI.JK
    deps:
    - path: artifact/model/BBRI.JK_GRU.keras
      hash: md5
      md5: ad23b3bf7b9e7b04e14443a3a83a610c
      size: 86436
    - path: artifact/model/BBRI.JK_LSTM.keras
      hash: md5
      md5: ef99f8dc488d61256d47f709455980fe
      size: 149700
    - path: artifact/model/BBRI.JK_scaler.pkl
      hash: md5
      md5: 573105d1564e6278c31ced55d133e8f3
      size: 522
    - path: src/config.py
      hash: md5
      md5: 361f879910bb74eb0e9f7a1644475e1c
      size: 1641
    - path: src/store.py
      hash: md5
      md5: fe0eb1d3b43572e335a98ac49f394269
      size: 2660
    outs:
    - path: web/backend/assets/BBRI.JK_GRU.keras
      hash: md5
      md5: b3f57596d0dfebc441e795875260f773
      size: 86337
    - path: web/backend/assets/BBRI.JK_LSTM.keras
      hash: md5
      md5: 74bd2f4cbc25876ae182c9e97bf74ddb
      size: 149607
    - path: web/backend/assets/BBRI.JK_scaler.pkl
      hash: md5
      md5: 573105d1564e6278c31ced55d133e8f3
      size: 522
