schema: '2.0'
stages:
  ingestion@BBCA.JK:
    cmd: python -m src.ingestion --ticker BBCA.JK
    deps:
    - path: src/config.py
      hash: md5
      md5: cb407d031d718b0516775fbbc79d6e2a
      size: 279
    - path: src/ingestion.py
      hash: md5
      md5: 35fbc5e52f892237713555e10d04005f
      size: 2324
    params:
      params.yaml:
        end_date: '2026-09-03'
        start_date: '2021-09-03'
    outs:
    - path: artifact/data/BBCA.JK.parquet
      hash: md5
      md5: c897ae738fecbf961362dac1cf2248da
      size: 55723
  ingestion@BBRI.JK:
    cmd: python -m src.ingestion --ticker BBRI.JK
    deps:
    - path: src/config.py
      hash: md5
      md5: cb407d031d718b0516775fbbc79d6e2a
      size: 279
    - path: src/ingestion.py
      hash: md5
      md5: 35fbc5e52f892237713555e10d04005f
      size: 2324
    params:
      params.yaml:
        end_date: '2026-09-03'
        start_date: '2021-09-03'
    outs:
    - path: artifact/data/BBRI.JK.parquet
      hash: md5
      md5: f5b8a3ec7da894a1e24f23f3ffb7bc71
      size: 55298
  ml_pipeline@BBCA.JK:
    cmd: papermill --cwd . src/ml_pipeline.ipynb 
      artifact/notebook/ml_pipeline_BBCA.JK.ipynb -p TICKER BBCA.JK -p 
      TARGET_COL close -p RANDOM_STATE 42 -p TRAIN_SIZE 0.8 -p EPOCHS 50 
      --report-mode --log-output --progress-bar
    deps:
    - path: artifact/data/BBCA.JK.parquet
      hash: md5
      md5: c897ae738fecbf961362dac1cf2248da
      size: 55723
    - path: src/ml_pipeline.ipynb
      hash: md5
      md5: ef19ffc7a17050c0f98d7cff0b3f8fac
      size: 26627
    params:
      params.yaml:
        epochs: 50
        random_state: 42
        target_col: close
        train_size: 0.8
    outs:
    - path: artifact/model/BBCA.JK_GRU.keras
      hash: md5
      md5: 254cd6ac8ead4d5ed3c84b8bb6e0c478
      size: 120293
    - path: artifact/model/BBCA.JK_LSTM.keras
      hash: md5
      md5: 191d2ddff2bbd0ead9a6ed364e710a8f
      size: 149700
    - path: artifact/model/BBCA.JK_hyperparameter.parquet
      hash: md5
      md5: a380f1aaa8425a96b99277b3f5b0f712
      size: 9549
    - path: artifact/notebook/ml_pipeline_BBCA.JK.ipynb
      hash: md5
      md5: b90e1df54c3f9e3214ac40ca6b555536
      size: 391879
  ml_pipeline@BBRI.JK:
    cmd: papermill --cwd . src/ml_pipeline.ipynb 
      artifact/notebook/ml_pipeline_BBRI.JK.ipynb -p TICKER BBRI.JK -p 
      TARGET_COL close -p RANDOM_STATE 42 -p TRAIN_SIZE 0.8 -p EPOCHS 50 
      --report-mode --log-output --progress-bar
    deps:
    - path: artifact/data/BBRI.JK.parquet
      hash: md5
      md5: f5b8a3ec7da894a1e24f23f3ffb7bc71
      size: 55298
    - path: src/ml_pipeline.ipynb
      hash: md5
      md5: ef19ffc7a17050c0f98d7cff0b3f8fac
      size: 26627
    params:
      params.yaml:
        epochs: 50
        random_state: 42
        target_col: close
        train_size: 0.8
    outs:
    - path: artifact/model/BBRI.JK_GRU.keras
      hash: md5
      md5: ea548e106aac2e142547fb51d70a52de
      size: 120293
    - path: artifact/model/BBRI.JK_LSTM.keras
      hash: md5
      md5: d7d13e78fa1be3aeb1a378ee9636ca6a
      size: 106037
    - path: artifact/model/BBRI.JK_hyperparameter.parquet
      hash: md5
      md5: 6c7c77b7b434b091008e44dc83fb9ba9
      size: 9549
    - path: artifact/notebook/ml_pipeline_BBRI.JK.ipynb
      hash: md5
      md5: 3d43165a4c8c80ce4978578ce8decded
      size: 407408
  store@BBCA.JK:
    cmd: python -m src.store --ticker BBCA.JK
    deps:
    - path: artifact/data/BBCA.JK.parquet
      hash: md5
      md5: c897ae738fecbf961362dac1cf2248da
      size: 55723
    - path: artifact/model/BBCA.JK_GRU.keras
      hash: md5
      md5: 254cd6ac8ead4d5ed3c84b8bb6e0c478
      size: 120293
    - path: artifact/model/BBCA.JK_LSTM.keras
      hash: md5
      md5: 191d2ddff2bbd0ead9a6ed364e710a8f
      size: 149700
    - path: artifact/model/BBCA.JK_hyperparameter.parquet
      hash: md5
      md5: a380f1aaa8425a96b99277b3f5b0f712
      size: 9549
    - path: src/config.py
      hash: md5
      md5: cb407d031d718b0516775fbbc79d6e2a
      size: 279
    - path: src/store.py
      hash: md5
      md5: c5f372e4aa901eab3287e9be5923161a
      size: 7619
    params:
      params.yaml:
        epochs: 50
        random_state: 42
        target_col: close
        train_size: 0.8
    outs:
    - path: artifact/model/BBCA.JK_metrics.json
      hash: md5
      md5: 3b3d2685ea9b728fac5550569504e5a7
      size: 1146
    - path: artifact/model/BBCA.JK_scaler.json
      hash: md5
      md5: a4b72b7454892079d7c0bf34f2d6f6b0
      size: 357
    - path: web/backend/assets/BBCA.JK.parquet
      hash: md5
      md5: c897ae738fecbf961362dac1cf2248da
      size: 55723
    - path: web/backend/assets/BBCA.JK_GRU.keras
      hash: md5
      md5: 254cd6ac8ead4d5ed3c84b8bb6e0c478
      size: 120293
    - path: web/backend/assets/BBCA.JK_LSTM.keras
      hash: md5
      md5: 191d2ddff2bbd0ead9a6ed364e710a8f
      size: 149700
    - path: web/backend/assets/BBCA.JK_metrics.json
      hash: md5
      md5: 3b3d2685ea9b728fac5550569504e5a7
      size: 1146
    - path: web/backend/assets/BBCA.JK_scaler.json
      hash: md5
      md5: a4b72b7454892079d7c0bf34f2d6f6b0
      size: 357
  store@BBRI.JK:
    cmd: python -m src.store --ticker BBRI.JK
    deps:
    - path: artifact/data/BBRI.JK.parquet
      hash: md5
      md5: f5b8a3ec7da894a1e24f23f3ffb7bc71
      size: 55298
    - path: artifact/model/BBRI.JK_GRU.keras
      hash: md5
      md5: ea548e106aac2e142547fb51d70a52de
      size: 120293
    - path: artifact/model/BBRI.JK_LSTM.keras
      hash: md5
      md5: d7d13e78fa1be3aeb1a378ee9636ca6a
      size: 106037
    - path: artifact/model/BBRI.JK_hyperparameter.parquet
      hash: md5
      md5: 6c7c77b7b434b091008e44dc83fb9ba9
      size: 9549
    - path: src/config.py
      hash: md5
      md5: cb407d031d718b0516775fbbc79d6e2a
      size: 279
    - path: src/store.py
      hash: md5
      md5: c5f372e4aa901eab3287e9be5923161a
      size: 7619
    params:
      params.yaml:
        epochs: 50
        random_state: 42
        target_col: close
        train_size: 0.8
    outs:
    - path: artifact/model/BBRI.JK_metrics.json
      hash: md5
      md5: 118f7a22aac9fbee378501eaf0de5d67
      size: 1151
    - path: artifact/model/BBRI.JK_scaler.json
      hash: md5
      md5: 779fc812376bfc16f592c9b21f5c7fd7
      size: 358
    - path: web/backend/assets/BBRI.JK.parquet
      hash: md5
      md5: f5b8a3ec7da894a1e24f23f3ffb7bc71
      size: 55298
    - path: web/backend/assets/BBRI.JK_GRU.keras
      hash: md5
      md5: ea548e106aac2e142547fb51d70a52de
      size: 120293
    - path: web/backend/assets/BBRI.JK_LSTM.keras
      hash: md5
      md5: d7d13e78fa1be3aeb1a378ee9636ca6a
      size: 106037
    - path: web/backend/assets/BBRI.JK_metrics.json
      hash: md5
      md5: 118f7a22aac9fbee378501eaf0de5d67
      size: 1151
    - path: web/backend/assets/BBRI.JK_scaler.json
      hash: md5
      md5: 779fc812376bfc16f592c9b21f5c7fd7
      size: 358
