schema: '2.0'
stages:
  ingestion@BBCA.JK:
    cmd: python -m src.ingestion --ticker BBCA.JK --start-date 2025-09-03 
      --end-date 2026-09-03
    deps:
    - path: src/config.py
      hash: md5
      md5: fa73b5c73f7a2dd8f67aa1d6f01f51e7
      size: 1645
    - path: src/ingestion.py
      hash: md5
      md5: 686226086040f04e9025237fe044e7cd
      size: 1984
    params:
      params.yaml:
        END_DATE: '2026-09-03'
        START_DATE: '2025-09-03'
    outs:
    - path: artifact/data/BBCA.JK.parquet
      hash: md5
      md5: e8420892b3b65f0de726c509f109c532
      size: 16072
  ingestion@BBRI.JK:
    cmd: python -m src.ingestion --ticker BBRI.JK --start-date 2025-09-03 
      --end-date 2026-09-03
    deps:
    - path: src/config.py
      hash: md5
      md5: fa73b5c73f7a2dd8f67aa1d6f01f51e7
      size: 1645
    - path: src/ingestion.py
      hash: md5
      md5: 686226086040f04e9025237fe044e7cd
      size: 1984
    params:
      params.yaml:
        END_DATE: '2026-09-03'
        START_DATE: '2025-09-03'
    outs:
    - path: artifact/data/BBRI.JK.parquet
      hash: md5
      md5: 09f3d14af9bd95d32ea094d7671207ed
      size: 15506
  ml_pipeline@BBCA.JK:
    cmd: papermill src/ml_pipeline.ipynb 
      artifact/notebook/ml_pipeline_BBCA.JK.ipynb -f params.yaml -p TICKER 
      BBCA.JK --report-mode --log-output --progress-bar
    deps:
    - path: artifact/data/BBCA.JK.parquet
      hash: md5
      md5: e8420892b3b65f0de726c509f109c532
      size: 16072
    - path: src/config.py
      hash: md5
      md5: fa73b5c73f7a2dd8f67aa1d6f01f51e7
      size: 1645
    - path: src/ml_pipeline.ipynb
      hash: md5
      md5: 69a7169573642cee192951fa2a2073bd
      size: 31099
    params:
      params.yaml:
        BATCH_SIZES:
        - 8
        - 16
        - 32
        EPOCHS: 50
        LEARNING_RATES:
        - 0.01
        - 0.001
        - 0.0001
        OPTIMIZERS:
        - SGD
        - Adam
        - RMSprop
        RANDOM_STATE: 42
        TARGET_COL: close
        TIME_STEPS:
        - 10
        - 20
        - 30
        TRAIN_SIZE: 0.9
    outs:
    - path: artifact/model/BBCA.JK_GRU.keras
      hash: md5
      md5: c6c3ae6d74a5d2d63c17554f8880f1a7
      size: 120294
    - path: artifact/model/BBCA.JK_LSTM.keras
      hash: md5
      md5: 1c7b3138a1627c9936e31c8a6af56aab
      size: 149700
    - path: artifact/model/BBCA.JK_hyperparameter.csv
      hash: md5
      md5: 0f194b75de4407528ded856cc7e0150b
      size: 13055
    - path: artifact/model/BBCA.JK_scaler.pkl
      hash: md5
      md5: 40a3ce39088610ae8051ef33195f5bb1
      size: 521
    - path: artifact/notebook/ml_pipeline_BBCA.JK.ipynb
      hash: md5
      md5: a05f9c2bd39cbfc0c776e49d9d330eea
      size: 375612
  ml_pipeline@BBRI.JK:
    cmd: papermill src/ml_pipeline.ipynb 
      artifact/notebook/ml_pipeline_BBRI.JK.ipynb -f params.yaml -p TICKER 
      BBRI.JK --report-mode --log-output --progress-bar
    deps:
    - path: artifact/data/BBRI.JK.parquet
      hash: md5
      md5: 09f3d14af9bd95d32ea094d7671207ed
      size: 15506
    - path: src/config.py
      hash: md5
      md5: fa73b5c73f7a2dd8f67aa1d6f01f51e7
      size: 1645
    - path: src/ml_pipeline.ipynb
      hash: md5
      md5: 69a7169573642cee192951fa2a2073bd
      size: 31099
    params:
      params.yaml:
        BATCH_SIZES:
        - 8
        - 16
        - 32
        EPOCHS: 50
        LEARNING_RATES:
        - 0.01
        - 0.001
        - 0.0001
        OPTIMIZERS:
        - SGD
        - Adam
        - RMSprop
        RANDOM_STATE: 42
        TARGET_COL: close
        TIME_STEPS:
        - 10
        - 20
        - 30
        TRAIN_SIZE: 0.9
    outs:
    - path: artifact/model/BBRI.JK_GRU.keras
      hash: md5
      md5: 0a2d551f8b575a5cc98692a366978c98
      size: 86431
    - path: artifact/model/BBRI.JK_LSTM.keras
      hash: md5
      md5: e6515a87f346ec5e02c659c8fd1f4594
      size: 106038
    - path: artifact/model/BBRI.JK_hyperparameter.csv
      hash: md5
      md5: 4ab216252eea985c0eb2708330c00680
      size: 416
    - path: artifact/model/BBRI.JK_scaler.pkl
      hash: md5
      md5: 09c51e033620b99b46c2d3730b2dfb45
      size: 521
    - path: artifact/notebook/ml_pipeline_BBRI.JK.ipynb
      hash: md5
      md5: a05f9c2bd39cbfc0c776e49d9d330eea
      size: 375612
  store@BBCA.JK:
    cmd: python -m src.store --ticker BBCA.JK
    deps:
    - path: artifact/model/BBCA.JK_GRU.keras
      hash: md5
      md5: c6c3ae6d74a5d2d63c17554f8880f1a7
      size: 120294
    - path: artifact/model/BBCA.JK_LSTM.keras
      hash: md5
      md5: 1c7b3138a1627c9936e31c8a6af56aab
      size: 149700
    - path: artifact/model/BBCA.JK_scaler.pkl
      hash: md5
      md5: 40a3ce39088610ae8051ef33195f5bb1
      size: 521
    - path: src/config.py
      hash: md5
      md5: fa73b5c73f7a2dd8f67aa1d6f01f51e7
      size: 1645
    - path: src/store.py
      hash: md5
      md5: 0e89d17307eaa7fc67898e82dca132e3
      size: 2291
    outs:
    - path: web/backend/assets/BBCA.JK_GRU.keras
      hash: md5
      md5: c6c3ae6d74a5d2d63c17554f8880f1a7
      size: 120294
    - path: web/backend/assets/BBCA.JK_LSTM.keras
      hash: md5
      md5: 1c7b3138a1627c9936e31c8a6af56aab
      size: 149700
    - path: web/backend/assets/BBCA.JK_scaler.pkl
      hash: md5
      md5: 40a3ce39088610ae8051ef33195f5bb1
      size: 521
  store@BBRI.JK:
    cmd: python -m src.store --ticker BBRI.JK
    deps:
    - path: artifact/model/BBRI.JK_GRU.keras
      hash: md5
      md5: 0a2d551f8b575a5cc98692a366978c98
      size: 86431
    - path: artifact/model/BBRI.JK_LSTM.keras
      hash: md5
      md5: e6515a87f346ec5e02c659c8fd1f4594
      size: 106038
    - path: artifact/model/BBRI.JK_scaler.pkl
      hash: md5
      md5: 09c51e033620b99b46c2d3730b2dfb45
      size: 521
    - path: src/config.py
      hash: md5
      md5: fa73b5c73f7a2dd8f67aa1d6f01f51e7
      size: 1645
    - path: src/store.py
      hash: md5
      md5: 0e89d17307eaa7fc67898e82dca132e3
      size: 2291
    outs:
    - path: web/backend/assets/BBRI.JK_GRU.keras
      hash: md5
      md5: 0a2d551f8b575a5cc98692a366978c98
      size: 86431
    - path: web/backend/assets/BBRI.JK_LSTM.keras
      hash: md5
      md5: e6515a87f346ec5e02c659c8fd1f4594
      size: 106038
    - path: web/backend/assets/BBRI.JK_scaler.pkl
      hash: md5
      md5: 09c51e033620b99b46c2d3730b2dfb45
      size: 521
